<?xml version="1.0" encoding="UTF-8"?>
<Scheme
   version = "1.3">
   <BuildAction>
      <BuildActionEntries>
         <BuildActionEntry
            buildForRunning = "YES">
            <BuildableReference
               BuildableIdentifier = "primary"
               BlueprintIdentifier = "277DA6C06B7C7AF5187A642A"
               BuildableName = "DictionaryTest.app"
               BlueprintName = "DictionaryTest"
               ReferencedContainer = "container:DictionaryTest.xcodeproj">
            </BuildableReference>
         </BuildActionEntry>
      </BuildActionEntries>
   </BuildAction>
   <LaunchAction
      useCustomWorkingDirectory = "NO"
      buildConfiguration = "Debug">
      <BuildableProductRunnable>
         <BuildableReference
            BuildableIdentifier = "primary"
            BlueprintIdentifier = "277DA6C06B7C7AF5187A642A"
            BuildableName = "DictionaryTest.app"
            BlueprintName = "DictionaryTest"
            ReferencedContainer = "container:DictionaryTest.xcodeproj">
         </BuildableReference>
      </BuildableProductRunnable>
   </LaunchAction>
</Scheme>
